PODS:
  - Flutter (1.0.0)
  - flutter_app_badge_control (0.0.1):
    - Flutter
  - flutter_local_notifications (0.0.1):
    - Flutter
  - flutter_timezone (0.0.1):
    - Flutter

DEPENDENCIES:
  - Flutter (from `Flutter`)
  - flutter_app_badge_control (from `.symlinks/plugins/flutter_app_badge_control/ios`)
  - flutter_local_notifications (from `.symlinks/plugins/flutter_local_notifications/ios`)
  - flutter_timezone (from `.symlinks/plugins/flutter_timezone/ios`)

EXTERNAL SOURCES:
  Flutter:
    :path: Flutter
  flutter_app_badge_control:
    :path: ".symlinks/plugins/flutter_app_badge_control/ios"
  flutter_local_notifications:
    :path: ".symlinks/plugins/flutter_local_notifications/ios"
  flutter_timezone:
    :path: ".symlinks/plugins/flutter_timezone/ios"

SPEC CHECKSUMS:
  Flutter: cabc95a1d2626b1b06e7179b784ebcf0c0cde467
  flutter_app_badge_control: d6d75b551276415000614b684822333bffac200b
  flutter_local_notifications: df98d66e515e1ca797af436137b4459b160ad8c9
  flutter_timezone: ffb07bdad3c6276af8dada0f11978d8a1f8a20bb

PODFILE CHECKSUM: aa332338df574ac68069fcbfa48d6f416c78e6d2

COCOAPODS: 1.16.2
